// !$*UTF8*$!
{
	archiveVersion = 1;
	classes = {
	};
	objectVersion = 56;
	objects = {

/* Begin PBXBuildFile section */
		2F02C7262C50DF0100342A6C /* CustomViewsWithAnimationsApp.swift in Sources */ = {isa = PBXBuildFile; fileRef = 2F02C7252C50DF0100342A6C /* CustomViewsWithAnimationsApp.swift */; };
		2F02C7282C50DF0100342A6C /* RootView.swift in Sources */ = {isa = PBXBuildFile; fileRef = 2F02C7272C50DF0100342A6C /* RootView.swift */; };
		2F02C72A2C50DF0200342A6C /* Assets.xcassets in Resources */ = {isa = PBXBuildFile; fileRef = 2F02C7292C50DF0200342A6C /* Assets.xcassets */; };
		2F02C72D2C50DF0200342A6C /* Preview Assets.xcassets in Resources */ = {isa = PBXBuildFile; fileRef = 2F02C72C2C50DF0200342A6C /* Preview Assets.xcassets */; };
		2F02C7342C50DF0E00342A6C /* CireclesView.swift in Sources */ = {isa = PBXBuildFile; fileRef = 2F02C7332C50DF0E00342A6C /* CireclesView.swift */; };
		2F02C7362C50DFBC00342A6C /* XiconView.swift in Sources */ = {isa = PBXBuildFile; fileRef = 2F02C7352C50DFBC00342A6C /* XiconView.swift */; };
		2F02C7382C50E07900342A6C /* DashLineProgress.swift in Sources */ = {isa = PBXBuildFile; fileRef = 2F02C7372C50E07900342A6C /* DashLineProgress.swift */; };
		2F02C73A2C50FCD400342A6C /* CustomToggle.swift in Sources */ = {isa = PBXBuildFile; fileRef = 2F02C7392C50FCD400342A6C /* CustomToggle.swift */; };
		2F02C73C2C51231000342A6C /* ScrollableGradientNavigationStack.swift in Sources */ = {isa = PBXBuildFile; fileRef = 2F02C73B2C51231000342A6C /* ScrollableGradientNavigationStack.swift */; };
		2F3838E32C9599F100BD2868 /* StackView.swift in Sources */ = {isa = PBXBuildFile; fileRef = 2F3838E22C9599F100BD2868 /* StackView.swift */; };
		2F6126BD2C53CCFE00364866 /* RepeatBehavior.swift in Sources */ = {isa = PBXBuildFile; fileRef = 2F6126BC2C53CCFE00364866 /* RepeatBehavior.swift */; };
		2F6126BF2C53DA0800364866 /* PayButton.swift in Sources */ = {isa = PBXBuildFile; fileRef = 2F6126BE2C53DA0800364866 /* PayButton.swift */; };
		2F6126C12C554B8800364866 /* GradientBorderCardView.swift in Sources */ = {isa = PBXBuildFile; fileRef = 2F6126C02C554B8800364866 /* GradientBorderCardView.swift */; };
		2FB6DCEC2C5F214700BF8D7B /* MaskingView.swift in Sources */ = {isa = PBXBuildFile; fileRef = 2FB6DCEB2C5F214700BF8D7B /* MaskingView.swift */; };
		2FE256F02C6264C80016BCD8 /* DynamicMultiStepProgressBar.swift in Sources */ = {isa = PBXBuildFile; fileRef = 2FE256EF2C6264C80016BCD8 /* DynamicMultiStepProgressBar.swift */; };
/* End PBXBuildFile section */

/* Begin PBXFileReference section */
		2F02C7222C50DF0100342A6C /* CustomViewsWithAnimations.app */ = {isa = PBXFileReference; explicitFileType = wrapper.application; includeInIndex = 0; path = CustomViewsWithAnimations.app; sourceTree = BUILT_PRODUCTS_DIR; };
		2F02C7252C50DF0100342A6C /* CustomViewsWithAnimationsApp.swift */ = {isa = PBXFileReference; lastKnownFileType = sourcecode.swift; path = CustomViewsWithAnimationsApp.swift; sourceTree = "<group>"; };
		2F02C7272C50DF0100342A6C /* RootView.swift */ = {isa = PBXFileReference; lastKnownFileType = sourcecode.swift; path = RootView.swift; sourceTree = "<group>"; };
		2F02C7292C50DF0200342A6C /* Assets.xcassets */ = {isa = PBXFileReference; lastKnownFileType = folder.assetcatalog; path = Assets.xcassets; sourceTree = "<group>"; };
		2F02C72C2C50DF0200342A6C /* Preview Assets.xcassets */ = {isa = PBXFileReference; lastKnownFileType = folder.assetcatalog; path = "Preview Assets.xcassets"; sourceTree = "<group>"; };
		2F02C7332C50DF0E00342A6C /* CireclesView.swift */ = {isa = PBXFileReference; lastKnownFileType = sourcecode.swift; path = CireclesView.swift; sourceTree = "<group>"; };
		2F02C7352C50DFBC00342A6C /* XiconView.swift */ = {isa = PBXFileReference; lastKnownFileType = sourcecode.swift; path = XiconView.swift; sourceTree = "<group>"; };
		2F02C7372C50E07900342A6C /* DashLineProgress.swift */ = {isa = PBXFileReference; lastKnownFileType = sourcecode.swift; path = DashLineProgress.swift; sourceTree = "<group>"; };
		2F02C7392C50FCD400342A6C /* CustomToggle.swift */ = {isa = PBXFileReference; lastKnownFileType = sourcecode.swift; path = CustomToggle.swift; sourceTree = "<group>"; };
		2F02C73B2C51231000342A6C /* ScrollableGradientNavigationStack.swift */ = {isa = PBXFileReference; lastKnownFileType = sourcecode.swift; path = ScrollableGradientNavigationStack.swift; sourceTree = "<group>"; };
		2F3838E22C9599F100BD2868 /* StackView.swift */ = {isa = PBXFileReference; lastKnownFileType = sourcecode.swift; path = StackView.swift; sourceTree = "<group>"; };
		2F6126BC2C53CCFE00364866 /* RepeatBehavior.swift */ = {isa = PBXFileReference; lastKnownFileType = sourcecode.swift; path = RepeatBehavior.swift; sourceTree = "<group>"; };
		2F6126BE2C53DA0800364866 /* PayButton.swift */ = {isa = PBXFileReference; lastKnownFileType = sourcecode.swift; path = PayButton.swift; sourceTree = "<group>"; };
		2F6126C02C554B8800364866 /* GradientBorderCardView.swift */ = {isa = PBXFileReference; lastKnownFileType = sourcecode.swift; path = GradientBorderCardView.swift; sourceTree = "<group>"; };
		2FB6DCEB2C5F214700BF8D7B /* MaskingView.swift */ = {isa = PBXFileReference; lastKnownFileType = sourcecode.swift; path = MaskingView.swift; sourceTree = "<group>"; };
		2FE256EF2C6264C80016BCD8 /* DynamicMultiStepProgressBar.swift */ = {isa = PBXFileReference; lastKnownFileType = sourcecode.swift; path = DynamicMultiStepProgressBar.swift; sourceTree = "<group>"; };
/* End PBXFileReference section */

/* Begin PBXFrameworksBuildPhase section */
		2F02C71F2C50DF0100342A6C /* Frameworks */ = {
			isa = PBXFrameworksBuildPhase;
			buildActionMask = 2147483647;
			files = (
			);
			runOnlyForDeploymentPostprocessing = 0;
		};
/* End PBXFrameworksBuildPhase section */

/* Begin PBXGroup section */
		2F02C7192C50DF0100342A6C = {
			isa = PBXGroup;
			children = (
				2F02C7242C50DF0100342A6C /* CustomViewsWithAnimations */,
				2F02C7232C50DF0100342A6C /* Products */,
			);
			sourceTree = "<group>";
		};
		2F02C7232C50DF0100342A6C /* Products */ = {
			isa = PBXGroup;
			children = (
				2F02C7222C50DF0100342A6C /* CustomViewsWithAnimations.app */,
			);
			name = Products;
			sourceTree = "<group>";
		};
		2F02C7242C50DF0100342A6C /* CustomViewsWithAnimations */ = {
			isa = PBXGroup;
			children = (
				2F02C7332C50DF0E00342A6C /* CireclesView.swift */,
				2F02C7392C50FCD400342A6C /* CustomToggle.swift */,
				2F02C7252C50DF0100342A6C /* CustomViewsWithAnimationsApp.swift */,
				2F02C7372C50E07900342A6C /* DashLineProgress.swift */,
				2F6126C02C554B8800364866 /* GradientBorderCardView.swift */,
				2F6126BE2C53DA0800364866 /* PayButton.swift */,
				2F6126BC2C53CCFE00364866 /* RepeatBehavior.swift */,
				2F02C7272C50DF0100342A6C /* RootView.swift */,
				2F02C73B2C51231000342A6C /* ScrollableGradientNavigationStack.swift */,
				2F02C7352C50DFBC00342A6C /* XiconView.swift */,
				2F3838E22C9599F100BD2868 /* StackView.swift */,
				2F02C7292C50DF0200342A6C /* Assets.xcassets */,
				2F02C72B2C50DF0200342A6C /* Preview Content */,
				2FB6DCEB2C5F214700BF8D7B /* MaskingView.swift */,
				2FE256EF2C6264C80016BCD8 /* DynamicMultiStepProgressBar.swift */,
			);
			path = CustomViewsWithAnimations;
			sourceTree = "<group>";
		};
		2F02C72B2C50DF0200342A6C /* Preview Content */ = {
			isa = PBXGroup;
			children = (
				2F02C72C2C50DF0200342A6C /* Preview Assets.xcassets */,
			);
			path = "Preview Content";
			sourceTree = "<group>";
		};
/* End PBXGroup section */

/* Begin PBXNativeTarget section */
		2F02C7212C50DF0100342A6C /* CustomViewsWithAnimations */ = {
			isa = PBXNativeTarget;
			buildConfigurationList = 2F02C7302C50DF0200342A6C /* Build configuration list for PBXNativeTarget "CustomViewsWithAnimations" */;
			buildPhases = (
				2F02C71E2C50DF0100342A6C /* Sources */,
				2F02C71F2C50DF0100342A6C /* Frameworks */,
				2F02C7202C50DF0100342A6C /* Resources */,
			);
			buildRules = (
			);
			dependencies = (
			);
			name = CustomViewsWithAnimations;
			productName = CustomViewsWithAnimations;
			productReference = 2F02C7222C50DF0100342A6C /* CustomViewsWithAnimations.app */;
			productType = "com.apple.product-type.application";
		};
/* End PBXNativeTarget section */

/* Begin PBXProject section */
		2F02C71A2C50DF0100342A6C /* Project object */ = {
			isa = PBXProject;
			attributes = {
				BuildIndependentTargetsInParallel = 1;
				LastSwiftUpdateCheck = 1540;
				LastUpgradeCheck = 1540;
				TargetAttributes = {
					2F02C7212C50DF0100342A6C = {
						CreatedOnToolsVersion = 15.4;
					};
				};
			};
			buildConfigurationList = 2F02C71D2C50DF0100342A6C /* Build configuration list for PBXProject "CustomViewsWithAnimations" */;
			compatibilityVersion = "Xcode 14.0";
			developmentRegion = en;
			hasScannedForEncodings = 0;
			knownRegions = (
				en,
				Base,
			);
			mainGroup = 2F02C7192C50DF0100342A6C;
			productRefGroup = 2F02C7232C50DF0100342A6C /* Products */;
			projectDirPath = "";
			projectRoot = "";
			targets = (
				2F02C7212C50DF0100342A6C /* CustomViewsWithAnimations */,
			);
		};
/* End PBXProject section */

/* Begin PBXResourcesBuildPhase section */
		2F02C7202C50DF0100342A6C /* Resources */ = {
			isa = PBXResourcesBuildPhase;
			buildActionMask = 2147483647;
			files = (
				2F02C72D2C50DF0200342A6C /* Preview Assets.xcassets in Resources */,
				2F02C72A2C50DF0200342A6C /* Assets.xcassets in Resources */,
			);
			runOnlyForDeploymentPostprocessing = 0;
		};
/* End PBXResourcesBuildPhase section */

/* Begin PBXSourcesBuildPhase section */
		2F02C71E2C50DF0100342A6C /* Sources */ = {
			isa = PBXSourcesBuildPhase;
			buildActionMask = 2147483647;
			files = (
				2F6126BD2C53CCFE00364866 /* RepeatBehavior.swift in Sources */,
				2F02C73A2C50FCD400342A6C /* CustomToggle.swift in Sources */,
				2FE256F02C6264C80016BCD8 /* DynamicMultiStepProgressBar.swift in Sources */,
				2F02C7282C50DF0100342A6C /* RootView.swift in Sources */,
				2F02C7382C50E07900342A6C /* DashLineProgress.swift in Sources */,
				2F02C73C2C51231000342A6C /* ScrollableGradientNavigationStack.swift in Sources */,
				2FB6DCEC2C5F214700BF8D7B /* MaskingView.swift in Sources */,
				2F02C7262C50DF0100342A6C /* CustomViewsWithAnimationsApp.swift in Sources */,
				2F02C7342C50DF0E00342A6C /* CireclesView.swift in Sources */,
				2F3838E32C9599F100BD2868 /* StackView.swift in Sources */,
				2F02C7362C50DFBC00342A6C /* XiconView.swift in Sources */,
				2F6126BF2C53DA0800364866 /* PayButton.swift in Sources */,
				2F6126C12C554B8800364866 /* GradientBorderCardView.swift in Sources */,
			);
			runOnlyForDeploymentPostprocessing = 0;
		};
/* End PBXSourcesBuildPhase section */

/* Begin XCBuildConfiguration section */
		2F02C72E2C50DF0200342A6C /* Debug */ = {
			isa = XCBuildConfiguration;
			buildSettings = {
				ALWAYS_SEARCH_USER_PATHS = NO;
				ASSETCATALOG_COMPILER_GENERATE_SWIFT_ASSET_SYMBOL_EXTENSIONS = YES;
				CLANG_ANALYZER_NONNULL = YES;
				CLANG_ANALYZER_NUMBER_OBJECT_CONVERSION = YES_AGGRESSIVE;
				CLANG_CXX_LANGUAGE_STANDARD = "gnu++20";
				CLANG_ENABLE_MODULES = YES;
				CLANG_ENABLE_OBJC_ARC = YES;
				CLANG_ENABLE_OBJC_WEAK = YES;
				CLANG_WARN_BLOCK_CAPTURE_AUTORELEASING = YES;
				CLANG_WARN_BOOL_CONVERSION = YES;
				CLANG_WARN_COMMA = YES;
				CLANG_WARN_CONSTANT_CONVERSION = YES;
				CLANG_WARN_DEPRECATED_OBJC_IMPLEMENTATIONS = YES;
				CLANG_WARN_DIRECT_OBJC_ISA_USAGE = YES_ERROR;
				CLANG_WARN_DOCUMENTATION_COMMENTS = YES;
				CLANG_WARN_EMPTY_BODY = YES;
				CLANG_WARN_ENUM_CONVERSION = YES;
				CLANG_WARN_INFINITE_RECURSION = YES;
				CLANG_WARN_INT_CONVERSION = YES;
				CLANG_WARN_NON_LITERAL_NULL_CONVERSION = YES;
				CLANG_WARN_OBJC_IMPLICIT_RETAIN_SELF = YES;
				CLANG_WARN_OBJC_LITERAL_CONVERSION = YES;
				CLANG_WARN_OBJC_ROOT_CLASS = YES_ERROR;
				CLANG_WARN_QUOTED_INCLUDE_IN_FRAMEWORK_HEADER = YES;
				CLANG_WARN_RANGE_LOOP_ANALYSIS = YES;
				CLANG_WARN_STRICT_PROTOTYPES = YES;
				CLANG_WARN_SUSPICIOUS_MOVE = YES;
				CLANG_WARN_UNGUARDED_AVAILABILITY = YES_AGGRESSIVE;
				CLANG_WARN_UNREACHABLE_CODE = YES;
				CLANG_WARN__DUPLICATE_METHOD_MATCH = YES;
				COPY_PHASE_STRIP = NO;
				DEBUG_INFORMATION_FORMAT = dwarf;
				ENABLE_STRICT_OBJC_MSGSEND = YES;
				ENABLE_TESTABILITY = YES;
				ENABLE_USER_SCRIPT_SANDBOXING = YES;
				GCC_C_LANGUAGE_STANDARD = gnu17;
				GCC_DYNAMIC_NO_PIC = NO;
				GCC_NO_COMMON_BLOCKS = YES;
				GCC_OPTIMIZATION_LEVEL = 0;
				GCC_PREPROCESSOR_DEFINITIONS = (
					"DEBUG=1",
					"$(inherited)",
				);
				GCC_WARN_64_TO_32_BIT_CONVERSION = YES;
				GCC_WARN_ABOUT_RETURN_TYPE = YES_ERROR;
				GCC_WARN_UNDECLARED_SELECTOR = YES;
				GCC_WARN_UNINITIALIZED_AUTOS = YES_AGGRESSIVE;
				GCC_WARN_UNUSED_FUNCTION = YES;
				GCC_WARN_UNUSED_VARIABLE = YES;
				IPHONEOS_DEPLOYMENT_TARGET = 17.5;
				LOCALIZATION_PREFERS_STRING_CATALOGS = YES;
				MTL_ENABLE_DEBUG_INFO = INCLUDE_SOURCE;
				MTL_FAST_MATH = YES;
				ONLY_ACTIVE_ARCH = YES;
				SDKROOT = iphoneos;
				SWIFT_ACTIVE_COMPILATION_CONDITIONS = "DEBUG $(inherited)";
				SWIFT_OPTIMIZATION_LEVEL = "-Onone";
			};
			name = Debug;
		};
		2F02C72F2C50DF0200342A6C /* Release */ = {
			isa = XCBuildConfiguration;
			buildSettings = {
				ALWAYS_SEARCH_USER_PATHS = NO;
				ASSETCATALOG_COMPILER_GENERATE_SWIFT_ASSET_SYMBOL_EXTENSIONS = YES;
				CLANG_ANALYZER_NONNULL = YES;
				CLANG_ANALYZER_NUMBER_OBJECT_CONVERSION = YES_AGGRESSIVE;
				CLANG_CXX_LANGUAGE_STANDARD = "gnu++20";
				CLANG_ENABLE_MODULES = YES;
				CLANG_ENABLE_OBJC_ARC = YES;
				CLANG_ENABLE_OBJC_WEAK = YES;
				CLANG_WARN_BLOCK_CAPTURE_AUTORELEASING = YES;
				CLANG_WARN_BOOL_CONVERSION = YES;
				CLANG_WARN_COMMA = YES;
				CLANG_WARN_CONSTANT_CONVERSION = YES;
				CLANG_WARN_DEPRECATED_OBJC_IMPLEMENTATIONS = YES;
				CLANG_WARN_DIRECT_OBJC_ISA_USAGE = YES_ERROR;
				CLANG_WARN_DOCUMENTATION_COMMENTS = YES;
				CLANG_WARN_EMPTY_BODY = YES;
				CLANG_WARN_ENUM_CONVERSION = YES;
				CLANG_WARN_INFINITE_RECURSION = YES;
				CLANG_WARN_INT_CONVERSION = YES;
				CLANG_WARN_NON_LITERAL_NULL_CONVERSION = YES;
				CLANG_WARN_OBJC_IMPLICIT_RETAIN_SELF = YES;
				CLANG_WARN_OBJC_LITERAL_CONVERSION = YES;
				CLANG_WARN_OBJC_ROOT_CLASS = YES_ERROR;
				CLANG_WARN_QUOTED_INCLUDE_IN_FRAMEWORK_HEADER = YES;
				CLANG_WARN_RANGE_LOOP_ANALYSIS = YES;
				CLANG_WARN_STRICT_PROTOTYPES = YES;
				CLANG_WARN_SUSPICIOUS_MOVE = YES;
				CLANG_WARN_UNGUARDED_AVAILABILITY = YES_AGGRESSIVE;
				CLANG_WARN_UNREACHABLE_CODE = YES;
				CLANG_WARN__DUPLICATE_METHOD_MATCH = YES;
				COPY_PHASE_STRIP = NO;
				DEBUG_INFORMATION_FORMAT = "dwarf-with-dsym";
				ENABLE_NS_ASSERTIONS = NO;
				ENABLE_STRICT_OBJC_MSGSEND = YES;
				ENABLE_USER_SCRIPT_SANDBOXING = YES;
				GCC_C_LANGUAGE_STANDARD = gnu17;
				GCC_NO_COMMON_BLOCKS = YES;
				GCC_WARN_64_TO_32_BIT_CONVERSION = YES;
				GCC_WARN_ABOUT_RETURN_TYPE = YES_ERROR;
				GCC_WARN_UNDECLARED_SELECTOR = YES;
				GCC_WARN_UNINITIALIZED_AUTOS = YES_AGGRESSIVE;
				GCC_WARN_UNUSED_FUNCTION = YES;
				GCC_WARN_UNUSED_VARIABLE = YES;
				IPHONEOS_DEPLOYMENT_TARGET = 17.5;
				LOCALIZATION_PREFERS_STRING_CATALOGS = YES;
				MTL_ENABLE_DEBUG_INFO = NO;
				MTL_FAST_MATH = YES;
				SDKROOT = iphoneos;
				SWIFT_COMPILATION_MODE = wholemodule;
				VALIDATE_PRODUCT = YES;
			};
			name = Release;
		};
		2F02C7312C50DF0200342A6C /* Debug */ = {
			isa = XCBuildConfiguration;
			buildSettings = {
				ASSETCATALOG_COMPILER_APPICON_NAME = AppIcon;
				ASSETCATALOG_COMPILER_GLOBAL_ACCENT_COLOR_NAME = AccentColor;
				CODE_SIGN_STYLE = Automatic;
				CURRENT_PROJECT_VERSION = 1;
				DEVELOPMENT_ASSET_PATHS = "\"CustomViewsWithAnimations/Preview Content\"";
				ENABLE_PREVIEWS = YES;
				GENERATE_INFOPLIST_FILE = YES;
				INFOPLIST_KEY_UIApplicationSceneManifest_Generation = YES;
				INFOPLIST_KEY_UIApplicationSupportsIndirectInputEvents = YES;
				INFOPLIST_KEY_UILaunchScreen_Generation = YES;
				INFOPLIST_KEY_UISupportedInterfaceOrientations_iPad = "UIInterfaceOrientationPortrait UIInterfaceOrientationPortraitUpsideDown UIInterfaceOrientationLandscapeLeft UIInterfaceOrientationLandscapeRight";
				INFOPLIST_KEY_UISupportedInterfaceOrientations_iPhone = "UIInterfaceOrientationPortrait UIInterfaceOrientationLandscapeLeft UIInterfaceOrientationLandscapeRight";
				LD_RUNPATH_SEARCH_PATHS = (
					"$(inherited)",
					"@executable_path/Frameworks",
				);
				MARKETING_VERSION = 1.0;
				PRODUCT_BUNDLE_IDENTIFIER = com.rokonuddin.CustomViewsWithAnimations;
				PRODUCT_NAME = "$(TARGET_NAME)";
				SWIFT_EMIT_LOC_STRINGS = YES;
				SWIFT_VERSION = 5.0;
				TARGETED_DEVICE_FAMILY = "1,2";
			};
			name = Debug;
		};
		2F02C7322C50DF0200342A6C /* Release */ = {
			isa = XCBuildConfiguration;
			buildSettings = {
				ASSETCATALOG_COMPILER_APPICON_NAME = AppIcon;
				ASSETCATALOG_COMPILER_GLOBAL_ACCENT_COLOR_NAME = AccentColor;
				CODE_SIGN_STYLE = Automatic;
				CURRENT_PROJECT_VERSION = 1;
				DEVELOPMENT_ASSET_PATHS = "\"CustomViewsWithAnimations/Preview Content\"";
				ENABLE_PREVIEWS = YES;
				GENERATE_INFOPLIST_FILE = YES;
				INFOPLIST_KEY_UIApplicationSceneManifest_Generation = YES;
				INFOPLIST_KEY_UIApplicationSupportsIndirectInputEvents = YES;
				INFOPLIST_KEY_UILaunchScreen_Generation = YES;
				INFOPLIST_KEY_UISupportedInterfaceOrientations_iPad = "UIInterfaceOrientationPortrait UIInterfaceOrientationPortraitUpsideDown UIInterfaceOrientationLandscapeLeft UIInterfaceOrientationLandscapeRight";
				INFOPLIST_KEY_UISupportedInterfaceOrientations_iPhone = "UIInterfaceOrientationPortrait UIInterfaceOrientationLandscapeLeft UIInterfaceOrientationLandscapeRight";
				LD_RUNPATH_SEARCH_PATHS = (
					"$(inherited)",
					"@executable_path/Frameworks",
				);
				MARKETING_VERSION = 1.0;
				PRODUCT_BUNDLE_IDENTIFIER = com.rokonuddin.CustomViewsWithAnimations;
				PRODUCT_NAME = "$(TARGET_NAME)";
				SWIFT_EMIT_LOC_STRINGS = YES;
				SWIFT_VERSION = 5.0;
				TARGETED_DEVICE_FAMILY = "1,2";
			};
			name = Release;
		};
/* End XCBuildConfiguration section */

/* Begin XCConfigurationList section */
		2F02C71D2C50DF0100342A6C /* Build configuration list for PBXProject "CustomViewsWithAnimations" */ = {
			isa = XCConfigurationList;
			buildConfigurations = (
				2F02C72E2C50DF0200342A6C /* Debug */,
				2F02C72F2C50DF0200342A6C /* Release */,
			);
			defaultConfigurationIsVisible = 0;
			defaultConfigurationName = Release;
		};
		2F02C7302C50DF0200342A6C /* Build configuration list for PBXNativeTarget "CustomViewsWithAnimations" */ = {
			isa = XCConfigurationList;
			buildConfigurations = (
				2F02C7312C50DF0200342A6C /* Debug */,
				2F02C7322C50DF0200342A6C /* Release */,
			);
			defaultConfigurationIsVisible = 0;
			defaultConfigurationName = Release;
		};
/* End XCConfigurationList section */
	};
	rootObject = 2F02C71A2C50DF0100342A6C /* Project object */;
}
